
Microsoft Visual Studio Solution File, Format Version 12.00
# Visual Studio Version 17
VisualStudioVersion = 17.2.32505.173
MinimumVisualStudioVersion = 10.0.40219.1
Project("{FAE04EC0-301F-11D3-BF4B-00C04F79EFBC}") = "Thrift_Fashion", "Thrift_Fashion\Thrift_Fashion.csproj", "{6E83ABA6-6BBF-45D3-8833-B322F007B1C6}"
EndProject
Global
	GlobalSection(SolutionConfigurationPlatforms) = preSolution
		Debug|Any CPU = Debug|Any CPU
		Release|Any CPU = Release|Any CPU
	EndGlobalSection
	GlobalSection(ProjectConfigurationPlatforms) = postSolution
		{6E83ABA6-6BBF-45D3-8833-B322F007B1C6}.Debug|Any CPU.ActiveCfg = Debug|Any CPU
		{6E83ABA6-6BBF-45D3-8833-B322F007B1C6}.Debug|Any CPU.Build.0 = Debug|Any CPU
		{6E83ABA6-6BBF-45D3-8833-B322F007B1C6}.Release|Any CPU.ActiveCfg = Release|Any CPU
		{6E83ABA6-6BBF-45D3-8833-B322F007B1C6}.Release|Any CPU.Build.0 = Release|Any CPU
	EndGlobalSection
	GlobalSection(SolutionProperties) = preSolution
		HideSolutionNode = FALSE
	EndGlobalSection
	GlobalSection(ExtensibilityGlobals) = postSolution
		SolutionGuid = {F1E425EE-AF8D-4D25-B209-D59077248E68}
	EndGlobalSection
EndGlobal
